
Microsoft Visual Studio Solution File, Format Version 12.00
# Visual Studio Version 17
VisualStudioVersion = 17.5.002.0
MinimumVisualStudioVersion = 10.0.40219.1
Project("{2150E333-8FDC-42A3-9474-1A3956D46DE8}") = "sandbox", "sandbox", "{2F4EB604-97A4-4477-BB68-D477877976F9}"
EndProject
Project("{9A19103F-16F7-4668-BE54-9A1E7A4F7556}") = "sandbox_project", "sandbox\sandbox_project\sandbox_project.csproj", "{5FC87DC3-3D10-488B-AD59-7B5A5ED0CFD5}"
EndProject
Project("{2150E333-8FDC-42A3-9474-1A3956D46DE8}") = "week01", "week01", "{EE6E0628-AC23-430D-A664-F515AF4ABA19}"
EndProject
Project("{9A19103F-16F7-4668-BE54-9A1E7A4F7556}") = "analyze", "week01\analyze\analyze.csproj", "{A926E944-F067-4A5B-A630-77B60C7D3320}"
EndProject
Project("{9A19103F-16F7-4668-BE54-9A1E7A4F7556}") = "code", "week01\code\code.csproj", "{791CE6B0-5783-4E0C-BFF5-335279A262BA}"
EndProject
Project("{9A19103F-16F7-4668-BE54-9A1E7A4F7556}") = "teach", "week01\teach\teach.csproj", "{9A91C9C9-DFDF-4327-884B-596FCDA85495}"
EndProject
Project("{2150E333-8FDC-42A3-9474-1A3956D46DE8}") = "week02", "week02", "{A1AF6F72-C36C-4FD5-A3CC-03AAB1BCF7A0}"
EndProject
Project("{9A19103F-16F7-4668-BE54-9A1E7A4F7556}") = "analyze", "week02\analyze\analyze.csproj", "{1AB738AC-96D6-481C-B874-9C4CD44502D8}"
EndProject
Project("{9A19103F-16F7-4668-BE54-9A1E7A4F7556}") = "code", "week02\code\code.csproj", "{F7E9B6B3-DFD7-4A2C-92D5-4992B3630096}"
EndProject
Project("{9A19103F-16F7-4668-BE54-9A1E7A4F7556}") = "learn", "week02\learn\learn.csproj", "{1DDAF038-F2B6-4E4C-9E10-F76E4CEC8238}"
EndProject
Project("{9A19103F-16F7-4668-BE54-9A1E7A4F7556}") = "teach", "week02\teach\teach.csproj", "{A05FD042-CB53-463C-94F3-B626FC01A882}"
EndProject
Project("{2150E333-8FDC-42A3-9474-1A3956D46DE8}") = "week03", "week03", "{48AB313F-1AA5-4326-9482-561692B02DD9}"
EndProject
Project("{9A19103F-16F7-4668-BE54-9A1E7A4F7556}") = "code", "week03\code\code.csproj", "{D4B755F4-8C3F-47BA-A577-773F6E51416C}"
EndProject
Project("{9A19103F-16F7-4668-BE54-9A1E7A4F7556}") = "learn", "week03\learn\learn.csproj", "{3809A54E-EF92-4675-BC3F-6B61A21EE093}"
EndProject
Project("{9A19103F-16F7-4668-BE54-9A1E7A4F7556}") = "teach", "week03\teach\teach.csproj", "{7E23DF48-216F-4CB8-9306-04B91420BBB9}"
EndProject
Project("{2150E333-8FDC-42A3-9474-1A3956D46DE8}") = "week04", "week04", "{740820E4-97D9-4AD5-98F9-2575C8971C1D}"
EndProject
Project("{9A19103F-16F7-4668-BE54-9A1E7A4F7556}") = "code", "week04\code\code.csproj", "{A39A7649-F798-43A8-BD06-C51C65EE78B7}"
EndProject
Project("{2150E333-8FDC-42A3-9474-1A3956D46DE8}") = "week05", "week05", "{25403DBC-3EF3-43D4-A1DA-9FEA30392D93}"
EndProject
Project("{9A19103F-16F7-4668-BE54-9A1E7A4F7556}") = "code", "week05\code\code.csproj", "{7EF63EA1-EAC5-4E2B-9DFC-0669B2FC9612}"
EndProject
Project("{2150E333-8FDC-42A3-9474-1A3956D46DE8}") = "week06", "week06", "{9EF83294-ABEF-4865-B855-55B12A501EBC}"
EndProject
Project("{9A19103F-16F7-4668-BE54-9A1E7A4F7556}") = "code", "week06\code\code.csproj", "{112A3E03-3DD2-43E9-92D9-64C4DDE86A93}"
EndProject
Global
	GlobalSection(SolutionConfigurationPlatforms) = preSolution
		Debug|Any CPU = Debug|Any CPU
		Release|Any CPU = Release|Any CPU
	EndGlobalSection
	GlobalSection(ProjectConfigurationPlatforms) = postSolution
		{5FC87DC3-3D10-488B-AD59-7B5A5ED0CFD5}.Debug|Any CPU.ActiveCfg = Debug|Any CPU
		{5FC87DC3-3D10-488B-AD59-7B5A5ED0CFD5}.Debug|Any CPU.Build.0 = Debug|Any CPU
		{5FC87DC3-3D10-488B-AD59-7B5A5ED0CFD5}.Release|Any CPU.ActiveCfg = Release|Any CPU
		{5FC87DC3-3D10-488B-AD59-7B5A5ED0CFD5}.Release|Any CPU.Build.0 = Release|Any CPU
		{A926E944-F067-4A5B-A630-77B60C7D3320}.Debug|Any CPU.ActiveCfg = Debug|Any CPU
		{A926E944-F067-4A5B-A630-77B60C7D3320}.Debug|Any CPU.Build.0 = Debug|Any CPU
		{A926E944-F067-4A5B-A630-77B60C7D3320}.Release|Any CPU.ActiveCfg = Release|Any CPU
		{A926E944-F067-4A5B-A630-77B60C7D3320}.Release|Any CPU.Build.0 = Release|Any CPU
		{791CE6B0-5783-4E0C-BFF5-335279A262BA}.Debug|Any CPU.ActiveCfg = Debug|Any CPU
		{791CE6B0-5783-4E0C-BFF5-335279A262BA}.Debug|Any CPU.Build.0 = Debug|Any CPU
		{791CE6B0-5783-4E0C-BFF5-335279A262BA}.Release|Any CPU.ActiveCfg = Release|Any CPU
		{791CE6B0-5783-4E0C-BFF5-335279A262BA}.Release|Any CPU.Build.0 = Release|Any CPU
		{9A91C9C9-DFDF-4327-884B-596FCDA85495}.Debug|Any CPU.ActiveCfg = Debug|Any CPU
		{9A91C9C9-DFDF-4327-884B-596FCDA85495}.Debug|Any CPU.Build.0 = Debug|Any CPU
		{9A91C9C9-DFDF-4327-884B-596FCDA85495}.Release|Any CPU.ActiveCfg = Release|Any CPU
		{9A91C9C9-DFDF-4327-884B-596FCDA85495}.Release|Any CPU.Build.0 = Release|Any CPU
		{1AB738AC-96D6-481C-B874-9C4CD44502D8}.Debug|Any CPU.ActiveCfg = Debug|Any CPU
		{1AB738AC-96D6-481C-B874-9C4CD44502D8}.Debug|Any CPU.Build.0 = Debug|Any CPU
		{1AB738AC-96D6-481C-B874-9C4CD44502D8}.Release|Any CPU.ActiveCfg = Release|Any CPU
		{1AB738AC-96D6-481C-B874-9C4CD44502D8}.Release|Any CPU.Build.0 = Release|Any CPU
		{F7E9B6B3-DFD7-4A2C-92D5-4992B3630096}.Debug|Any CPU.ActiveCfg = Debug|Any CPU
		{F7E9B6B3-DFD7-4A2C-92D5-4992B3630096}.Debug|Any CPU.Build.0 = Debug|Any CPU
		{F7E9B6B3-DFD7-4A2C-92D5-4992B3630096}.Release|Any CPU.ActiveCfg = Release|Any CPU
		{F7E9B6B3-DFD7-4A2C-92D5-4992B3630096}.Release|Any CPU.Build.0 = Release|Any CPU
		{1DDAF038-F2B6-4E4C-9E10-F76E4CEC8238}.Debug|Any CPU.ActiveCfg = Debug|Any CPU
		{1DDAF038-F2B6-4E4C-9E10-F76E4CEC8238}.Debug|Any CPU.Build.0 = Debug|Any CPU
		{1DDAF038-F2B6-4E4C-9E10-F76E4CEC8238}.Release|Any CPU.ActiveCfg = Release|Any CPU
		{1DDAF038-F2B6-4E4C-9E10-F76E4CEC8238}.Release|Any CPU.Build.0 = Release|Any CPU
		{A05FD042-CB53-463C-94F3-B626FC01A882}.Debug|Any CPU.ActiveCfg = Debug|Any CPU
		{A05FD042-CB53-463C-94F3-B626FC01A882}.Debug|Any CPU.Build.0 = Debug|Any CPU
		{A05FD042-CB53-463C-94F3-B626FC01A882}.Release|Any CPU.ActiveCfg = Release|Any CPU
		{A05FD042-CB53-463C-94F3-B626FC01A882}.Release|Any CPU.Build.0 = Release|Any CPU
		{D4B755F4-8C3F-47BA-A577-773F6E51416C}.Debug|Any CPU.ActiveCfg = Debug|Any CPU
		{D4B755F4-8C3F-47BA-A577-773F6E51416C}.Debug|Any CPU.Build.0 = Debug|Any CPU
		{D4B755F4-8C3F-47BA-A577-773F6E51416C}.Release|Any CPU.ActiveCfg = Release|Any CPU
		{D4B755F4-8C3F-47BA-A577-773F6E51416C}.Release|Any CPU.Build.0 = Release|Any CPU
		{3809A54E-EF92-4675-BC3F-6B61A21EE093}.Debug|Any CPU.ActiveCfg = Debug|Any CPU
		{3809A54E-EF92-4675-BC3F-6B61A21EE093}.Debug|Any CPU.Build.0 = Debug|Any CPU
		{3809A54E-EF92-4675-BC3F-6B61A21EE093}.Release|Any CPU.ActiveCfg = Release|Any CPU
		{3809A54E-EF92-4675-BC3F-6B61A21EE093}.Release|Any CPU.Build.0 = Release|Any CPU
		{7E23DF48-216F-4CB8-9306-04B91420BBB9}.Debug|Any CPU.ActiveCfg = Debug|Any CPU
		{7E23DF48-216F-4CB8-9306-04B91420BBB9}.Debug|Any CPU.Build.0 = Debug|Any CPU
		{7E23DF48-216F-4CB8-9306-04B91420BBB9}.Release|Any CPU.ActiveCfg = Release|Any CPU
		{7E23DF48-216F-4CB8-9306-04B91420BBB9}.Release|Any CPU.Build.0 = Release|Any CPU
		{A39A7649-F798-43A8-BD06-C51C65EE78B7}.Debug|Any CPU.ActiveCfg = Debug|Any CPU
		{A39A7649-F798-43A8-BD06-C51C65EE78B7}.Debug|Any CPU.Build.0 = Debug|Any CPU
		{A39A7649-F798-43A8-BD06-C51C65EE78B7}.Release|Any CPU.ActiveCfg = Release|Any CPU
		{A39A7649-F798-43A8-BD06-C51C65EE78B7}.Release|Any CPU.Build.0 = Release|Any CPU
		{7EF63EA1-EAC5-4E2B-9DFC-0669B2FC9612}.Debug|Any CPU.ActiveCfg = Debug|Any CPU
		{7EF63EA1-EAC5-4E2B-9DFC-0669B2FC9612}.Debug|Any CPU.Build.0 = Debug|Any CPU
		{7EF63EA1-EAC5-4E2B-9DFC-0669B2FC9612}.Release|Any CPU.ActiveCfg = Release|Any CPU
		{7EF63EA1-EAC5-4E2B-9DFC-0669B2FC9612}.Release|Any CPU.Build.0 = Release|Any CPU
		{112A3E03-3DD2-43E9-92D9-64C4DDE86A93}.Debug|Any CPU.ActiveCfg = Debug|Any CPU
		{112A3E03-3DD2-43E9-92D9-64C4DDE86A93}.Debug|Any CPU.Build.0 = Debug|Any CPU
		{112A3E03-3DD2-43E9-92D9-64C4DDE86A93}.Release|Any CPU.ActiveCfg = Release|Any CPU
		{112A3E03-3DD2-43E9-92D9-64C4DDE86A93}.Release|Any CPU.Build.0 = Release|Any CPU
	EndGlobalSection
	GlobalSection(SolutionProperties) = preSolution
		HideSolutionNode = FALSE
	EndGlobalSection
	GlobalSection(NestedProjects) = preSolution
		{5FC87DC3-3D10-488B-AD59-7B5A5ED0CFD5} = {2F4EB604-97A4-4477-BB68-D477877976F9}
		{A926E944-F067-4A5B-A630-77B60C7D3320} = {EE6E0628-AC23-430D-A664-F515AF4ABA19}
		{791CE6B0-5783-4E0C-BFF5-335279A262BA} = {EE6E0628-AC23-430D-A664-F515AF4ABA19}
		{9A91C9C9-DFDF-4327-884B-596FCDA85495} = {EE6E0628-AC23-430D-A664-F515AF4ABA19}
		{1AB738AC-96D6-481C-B874-9C4CD44502D8} = {A1AF6F72-C36C-4FD5-A3CC-03AAB1BCF7A0}
		{F7E9B6B3-DFD7-4A2C-92D5-4992B3630096} = {A1AF6F72-C36C-4FD5-A3CC-03AAB1BCF7A0}
		{1DDAF038-F2B6-4E4C-9E10-F76E4CEC8238} = {A1AF6F72-C36C-4FD5-A3CC-03AAB1BCF7A0}
		{A05FD042-CB53-463C-94F3-B626FC01A882} = {A1AF6F72-C36C-4FD5-A3CC-03AAB1BCF7A0}
		{D4B755F4-8C3F-47BA-A577-773F6E51416C} = {48AB313F-1AA5-4326-9482-561692B02DD9}
		{3809A54E-EF92-4675-BC3F-6B61A21EE093} = {48AB313F-1AA5-4326-9482-561692B02DD9}
		{7E23DF48-216F-4CB8-9306-04B91420BBB9} = {48AB313F-1AA5-4326-9482-561692B02DD9}
		{A39A7649-F798-43A8-BD06-C51C65EE78B7} = {740820E4-97D9-4AD5-98F9-2575C8971C1D}
		{7EF63EA1-EAC5-4E2B-9DFC-0669B2FC9612} = {25403DBC-3EF3-43D4-A1DA-9FEA30392D93}
		{112A3E03-3DD2-43E9-92D9-64C4DDE86A93} = {9EF83294-ABEF-4865-B855-55B12A501EBC}
	EndGlobalSection
	GlobalSection(ExtensibilityGlobals) = postSolution
		SolutionGuid = {5462FA12-894E-4742-80D7-71176C6DE3F7}
	EndGlobalSection
EndGlobal
